// !$*UTF8*$!
{
	archiveVersion = 1;
	classes = {
	};
	objectVersion = 46;
	objects = {

/* Begin PBXBuildFile section */
		D0ADF8FD19AAB8CD0068A73D /* Foundation.framework in Frameworks */ = {isa = PBXBuildFile; fileRef = D0ADF8FC19AAB8CD0068A73D /* Foundation.framework */; };
		D0ADF8FF19AAB8CD0068A73D /* CoreGraphics.framework in Frameworks */ = {isa = PBXBuildFile; fileRef = D0ADF8FE19AAB8CD0068A73D /* CoreGraphics.framework */; };
		D0ADF90119AAB8CD0068A73D /* UIKit.framework in Frameworks */ = {isa = PBXBuildFile; fileRef = D0ADF90019AAB8CD0068A73D /* UIKit.framework */; };
		D0ADF90719AAB8CD0068A73D /* InfoPlist.strings in Resources */ = {isa = PBXBuildFile; fileRef = D0ADF90519AAB8CD0068A73D /* InfoPlist.strings */; };
		D0ADF90919AAB8CD0068A73D /* main.m in Sources */ = {isa = PBXBuildFile; fileRef = D0ADF90819AAB8CD0068A73D /* main.m */; };
		D0ADF90D19AAB8CD0068A73D /* AppDelegate.m in Sources */ = {isa = PBXBuildFile; fileRef = D0ADF90C19AAB8CD0068A73D /* AppDelegate.m */; };
		D0ADF91019AAB8CD0068A73D /* Main_iPhone.storyboard in Resources */ = {isa = PBXBuildFile; fileRef = D0ADF90E19AAB8CD0068A73D /* Main_iPhone.storyboard */; };
		D0ADF91319AAB8CD0068A73D /* Main_iPad.storyboard in Resources */ = {isa = PBXBuildFile; fileRef = D0ADF91119AAB8CD0068A73D /* Main_iPad.storyboard */; };
		D0ADF91619AAB8CD0068A73D /* ViewController.m in Sources */ = {isa = PBXBuildFile; fileRef = D0ADF91519AAB8CD0068A73D /* ViewController.m */; };
		D0ADF91819AAB8CD0068A73D /* Images.xcassets in Resources */ = {isa = PBXBuildFile; fileRef = D0ADF91719AAB8CD0068A73D /* Images.xcassets */; };
		D0ADF91F19AAB8CD0068A73D /* XCTest.framework in Frameworks */ = {isa = PBXBuildFile; fileRef = D0ADF91E19AAB8CD0068A73D /* XCTest.framework */; };
		D0ADF92019AAB8CD0068A73D /* Foundation.framework in Frameworks */ = {isa = PBXBuildFile; fileRef = D0ADF8FC19AAB8CD0068A73D /* Foundation.framework */; };
		D0ADF92119AAB8CD0068A73D /* UIKit.framework in Frameworks */ = {isa = PBXBuildFile; fileRef = D0ADF90019AAB8CD0068A73D /* UIKit.framework */; };
		D0ADF92919AAB8CD0068A73D /* InfoPlist.strings in Resources */ = {isa = PBXBuildFile; fileRef = D0ADF92719AAB8CD0068A73D /* InfoPlist.strings */; };
		D0ADF92B19AAB8CD0068A73D /* PainterTests.m in Sources */ = {isa = PBXBuildFile; fileRef = D0ADF92A19AAB8CD0068A73D /* PainterTests.m */; };
/* End PBXBuildFile section */

/* Begin PBXContainerItemProxy section */
		D0ADF92219AAB8CD0068A73D /* PBXContainerItemProxy */ = {
			isa = PBXContainerItemProxy;
			containerPortal = D0ADF8F119AAB8CD0068A73D /* Project object */;
			proxyType = 1;
			remoteGlobalIDString = D0ADF8F819AAB8CD0068A73D;
			remoteInfo = Painter;
		};
/* End PBXContainerItemProxy section */

/* Begin PBXFileReference section */
		D0ADF8F919AAB8CD0068A73D /* Painter.app */ = {isa = PBXFileReference; explicitFileType = wrapper.application; includeInIndex = 0; path = Painter.app; sourceTree = BUILT_PRODUCTS_DIR; };
		D0ADF8FC19AAB8CD0068A73D /* Foundation.framework */ = {isa = PBXFileReference; lastKnownFileType = wrapper.framework; name = Foundation.framework; path = System/Library/Frameworks/Foundation.framework; sourceTree = SDKROOT; };
		D0ADF8FE19AAB8CD0068A73D /* CoreGraphics.framework */ = {isa = PBXFileReference; lastKnownFileType = wrapper.framework; name = CoreGraphics.framework; path = System/Library/Frameworks/CoreGraphics.framework; sourceTree = SDKROOT; };
		D0ADF90019AAB8CD0068A73D /* UIKit.framework */ = {isa = PBXFileReference; lastKnownFileType = wrapper.framework; name = UIKit.framework; path = System/Library/Frameworks/UIKit.framework; sourceTree = SDKROOT; };
		D0ADF90419AAB8CD0068A73D /* Painter-Info.plist */ = {isa = PBXFileReference; lastKnownFileType = text.plist.xml; path = "Painter-Info.plist"; sourceTree = "<group>"; };
		D0ADF90619AAB8CD0068A73D /* en */ = {isa = PBXFileReference; lastKnownFileType = text.plist.strings; name = en; path = en.lproj/InfoPlist.strings; sourceTree = "<group>"; };
		D0ADF90819AAB8CD0068A73D /* main.m */ = {isa = PBXFileReference; lastKnownFileType = sourcecode.c.objc; path = main.m; sourceTree = "<group>"; };
		D0ADF90A19AAB8CD0068A73D /* Painter-Prefix.pch */ = {isa = PBXFileReference; lastKnownFileType = sourcecode.c.h; path = "Painter-Prefix.pch"; sourceTree = "<group>"; };
		D0ADF90B19AAB8CD0068A73D /* AppDelegate.h */ = {isa = PBXFileReference; lastKnownFileType = sourcecode.c.h; path = AppDelegate.h; sourceTree = "<group>"; };
		D0ADF90C19AAB8CD0068A73D /* AppDelegate.m */ = {isa = PBXFileReference; lastKnownFileType = sourcecode.c.objc; path = AppDelegate.m; sourceTree = "<group>"; };
		D0ADF90F19AAB8CD0068A73D /* Base */ = {isa = PBXFileReference; lastKnownFileType = file.storyboard; name = Base; path = Base.lproj/Main_iPhone.storyboard; sourceTree = "<group>"; };
		D0ADF91219AAB8CD0068A73D /* Base */ = {isa = PBXFileReference; lastKnownFileType = file.storyboard; name = Base; path = Base.lproj/Main_iPad.storyboard; sourceTree = "<group>"; };
		D0ADF91419AAB8CD0068A73D /* ViewController.h */ = {isa = PBXFileReference; lastKnownFileType = sourcecode.c.h; path = ViewController.h; sourceTree = "<group>"; };
		D0ADF91519AAB8CD0068A73D /* ViewController.m */ = {isa = PBXFileReference; lastKnownFileType = sourcecode.c.objc; path = ViewController.m; sourceTree = "<group>"; };
		D0ADF91719AAB8CD0068A73D /* Images.xcassets */ = {isa = PBXFileReference; lastKnownFileType = folder.assetcatalog; path = Images.xcassets; sourceTree = "<group>"; };
		D0ADF91D19AAB8CD0068A73D /* PainterTests.xctest */ = {isa = PBXFileReference; explicitFileType = wrapper.cfbundle; includeInIndex = 0; path = PainterTests.xctest; sourceTree = BUILT_PRODUCTS_DIR; };
		D0ADF91E19AAB8CD0068A73D /* XCTest.framework */ = {isa = PBXFileReference; lastKnownFileType = wrapper.framework; name = XCTest.framework; path = Library/Frameworks/XCTest.framework; sourceTree = DEVELOPER_DIR; };
		D0ADF92619AAB8CD0068A73D /* PainterTests-Info.plist */ = {isa = PBXFileReference; lastKnownFileType = text.plist.xml; path = "PainterTests-Info.plist"; sourceTree = "<group>"; };
		D0ADF92819AAB8CD0068A73D /* en */ = {isa = PBXFileReference; lastKnownFileType = text.plist.strings; name = en; path = en.lproj/InfoPlist.strings; sourceTree = "<group>"; };
		D0ADF92A19AAB8CD0068A73D /* PainterTests.m */ = {isa = PBXFileReference; lastKnownFileType = sourcecode.c.objc; path = PainterTests.m; sourceTree = "<group>"; };
/* End PBXFileReference section */

/* Begin PBXFrameworksBuildPhase section */
		D0ADF8F619AAB8CD0068A73D /* Frameworks */ = {
			isa = PBXFrameworksBuildPhase;
			buildActionMask = 2147483647;
			files = (
				D0ADF8FF19AAB8CD0068A73D /* CoreGraphics.framework in Frameworks */,
				D0ADF90119AAB8CD0068A73D /* UIKit.framework in Frameworks */,
				D0ADF8FD19AAB8CD0068A73D /* Foundation.framework in Frameworks */,
			);
			runOnlyForDeploymentPostprocessing = 0;
		};
		D0ADF91A19AAB8CD0068A73D /* Frameworks */ = {
			isa = PBXFrameworksBuildPhase;
			buildActionMask = 2147483647;
			files = (
				D0ADF91F19AAB8CD0068A73D /* XCTest.framework in Frameworks */,
				D0ADF92119AAB8CD0068A73D /* UIKit.framework in Frameworks */,
				D0ADF92019AAB8CD0068A73D /* Foundation.framework in Frameworks */,
			);
			runOnlyForDeploymentPostprocessing = 0;
		};
/* End PBXFrameworksBuildPhase section */

/* Begin PBXGroup section */
		D0ADF8F019AAB8CD0068A73D = {
			isa = PBXGroup;
			children = (
				D0ADF90219AAB8CD0068A73D /* Painter */,
				D0ADF92419AAB8CD0068A73D /* PainterTests */,
				D0ADF8FB19AAB8CD0068A73D /* Frameworks */,
				D0ADF8FA19AAB8CD0068A73D /* Products */,
			);
			sourceTree = "<group>";
		};
		D0ADF8FA19AAB8CD0068A73D /* Products */ = {
			isa = PBXGroup;
			children = (
				D0ADF8F919AAB8CD0068A73D /* Painter.app */,
				D0ADF91D19AAB8CD0068A73D /* PainterTests.xctest */,
			);
			name = Products;
			sourceTree = "<group>";
		};
		D0ADF8FB19AAB8CD0068A73D /* Frameworks */ = {
			isa = PBXGroup;
			children = (
				D0ADF8FC19AAB8CD0068A73D /* Foundation.framework */,
				D0ADF8FE19AAB8CD0068A73D /* CoreGraphics.framework */,
				D0ADF90019AAB8CD0068A73D /* UIKit.framework */,
				D0ADF91E19AAB8CD0068A73D /* XCTest.framework */,
			);
			name = Frameworks;
			sourceTree = "<group>";
		};
		D0ADF90219AAB8CD0068A73D /* Painter */ = {
			isa = PBXGroup;
			children = (
				D0ADF90B19AAB8CD0068A73D /* AppDelegate.h */,
				D0ADF90C19AAB8CD0068A73D /* AppDelegate.m */,
				D0ADF90E19AAB8CD0068A73D /* Main_iPhone.storyboard */,
				D0ADF91119AAB8CD0068A73D /* Main_iPad.storyboard */,
				D0ADF91419AAB8CD0068A73D /* ViewController.h */,
				D0ADF91519AAB8CD0068A73D /* ViewController.m */,
				D0ADF91719AAB8CD0068A73D /* Images.xcassets */,
				D0ADF90319AAB8CD0068A73D /* Supporting Files */,
			);
			path = Painter;
			sourceTree = "<group>";
		};
		D0ADF90319AAB8CD0068A73D /* Supporting Files */ = {
			isa = PBXGroup;
			children = (
				D0ADF90419AAB8CD0068A73D /* Painter-Info.plist */,
				D0ADF90519AAB8CD0068A73D /* InfoPlist.strings */,
				D0ADF90819AAB8CD0068A73D /* main.m */,
				D0ADF90A19AAB8CD0068A73D /* Painter-Prefix.pch */,
			);
			name = "Supporting Files";
			sourceTree = "<group>";
		};
		D0ADF92419AAB8CD0068A73D /* PainterTests */ = {
			isa = PBXGroup;
			children = (
				D0ADF92A19AAB8CD0068A73D /* PainterTests.m */,
				D0ADF92519AAB8CD0068A73D /* Supporting Files */,
			);
			path = PainterTests;
			sourceTree = "<group>";
		};
		D0ADF92519AAB8CD0068A73D /* Supporting Files */ = {
			isa = PBXGroup;
			children = (
				D0ADF92619AAB8CD0068A73D /* PainterTests-Info.plist */,
				D0ADF92719AAB8CD0068A73D /* InfoPlist.strings */,
			);
			name = "Supporting Files";
			sourceTree = "<group>";
		};
/* End PBXGroup section */

/* Begin PBXNativeTarget section */
		D0ADF8F819AAB8CD0068A73D /* Painter */ = {
			isa = PBXNativeTarget;
			buildConfigurationList = D0ADF92E19AAB8CD0068A73D /* Build configuration list for PBXNativeTarget "Painter" */;
			buildPhases = (
				D0ADF8F519AAB8CD0068A73D /* Sources */,
				D0ADF8F619AAB8CD0068A73D /* Frameworks */,
				D0ADF8F719AAB8CD0068A73D /* Resources */,
			);
			buildRules = (
			);
			dependencies = (
			);
			name = Painter;
			productName = Painter;
			productReference = D0ADF8F919AAB8CD0068A73D /* Painter.app */;
			productType = "com.apple.product-type.application";
		};
		D0ADF91C19AAB8CD0068A73D /* PainterTests */ = {
			isa = PBXNativeTarget;
			buildConfigurationList = D0ADF93119AAB8CD0068A73D /* Build configuration list for PBXNativeTarget "PainterTests" */;
			buildPhases = (
				D0ADF91919AAB8CD0068A73D /* Sources */,
				D0ADF91A19AAB8CD0068A73D /* Frameworks */,
				D0ADF91B19AAB8CD0068A73D /* Resources */,
			);
			buildRules = (
			);
			dependencies = (
				D0ADF92319AAB8CD0068A73D /* PBXTargetDependency */,
			);
			name = PainterTests;
			productName = PainterTests;
			productReference = D0ADF91D19AAB8CD0068A73D /* PainterTests.xctest */;
			productType = "com.apple.product-type.bundle.unit-test";
		};
/* End PBXNativeTarget section */

/* Begin PBXProject section */
		D0ADF8F119AAB8CD0068A73D /* Project object */ = {
			isa = PBXProject;
			attributes = {
				LastUpgradeCheck = 0510;
				ORGANIZATIONNAME = jb;
				TargetAttributes = {
					D0ADF91C19AAB8CD0068A73D = {
						TestTargetID = D0ADF8F819AAB8CD0068A73D;
					};
				};
			};
			buildConfigurationList = D0ADF8F419AAB8CD0068A73D /* Build configuration list for PBXProject "Painter" */;
			compatibilityVersion = "Xcode 3.2";
			developmentRegion = English;
			hasScannedForEncodings = 0;
			knownRegions = (
				en,
				Base,
			);
			mainGroup = D0ADF8F019AAB8CD0068A73D;
			productRefGroup = D0ADF8FA19AAB8CD0068A73D /* Products */;
			projectDirPath = "";
			projectRoot = "";
			targets = (
				D0ADF8F819AAB8CD0068A73D /* Painter */,
				D0ADF91C19AAB8CD0068A73D /* PainterTests */,
			);
		};
/* End PBXProject section */

/* Begin PBXResourcesBuildPhase section */
		D0ADF8F719AAB8CD0068A73D /* Resources */ = {
			isa = PBXResourcesBuildPhase;
			buildActionMask = 2147483647;
			files = (
				D0ADF91319AAB8CD0068A73D /* Main_iPad.storyboard in Resources */,
				D0ADF91819AAB8CD0068A73D /* Images.xcassets in Resources */,
				D0ADF91019AAB8CD0068A73D /* Main_iPhone.storyboard in Resources */,
				D0ADF90719AAB8CD0068A73D /* InfoPlist.strings in Resources */,
			);
			runOnlyForDeploymentPostprocessing = 0;
		};
		D0ADF91B19AAB8CD0068A73D /* Resources */ = {
			isa = PBXResourcesBuildPhase;
			buildActionMask = 2147483647;
			files = (
				D0ADF92919AAB8CD0068A73D /* InfoPlist.strings in Resources */,
			);
			runOnlyForDeploymentPostprocessing = 0;
		};
/* End PBXResourcesBuildPhase section */

/* Begin PBXSourcesBuildPhase section */
		D0ADF8F519AAB8CD0068A73D /* Sources */ = {
			isa = PBXSourcesBuildPhase;
			buildActionMask = 2147483647;
			files = (
				D0ADF91619AAB8CD0068A73D /* ViewController.m in Sources */,
				D0ADF90D19AAB8CD0068A73D /* AppDelegate.m in Sources */,
				D0ADF90919AAB8CD0068A73D /* main.m in Sources */,
			);
			runOnlyForDeploymentPostprocessing = 0;
		};
		D0ADF91919AAB8CD0068A73D /* Sources */ = {
			isa = PBXSourcesBuildPhase;
			buildActionMask = 2147483647;
			files = (
				D0ADF92B19AAB8CD0068A73D /* PainterTests.m in Sources */,
			);
			runOnlyForDeploymentPostprocessing = 0;
		};
/* End PBXSourcesBuildPhase section */

/* Begin PBXTargetDependency section */
		D0ADF92319AAB8CD0068A73D /* PBXTargetDependency */ = {
			isa = PBXTargetDependency;
			target = D0ADF8F819AAB8CD0068A73D /* Painter */;
			targetProxy = D0ADF92219AAB8CD0068A73D /* PBXContainerItemProxy */;
		};
/* End PBXTargetDependency section */

/* Begin PBXVariantGroup section */
		D0ADF90519AAB8CD0068A73D /* InfoPlist.strings */ = {
			isa = PBXVariantGroup;
			children = (
				D0ADF90619AAB8CD0068A73D /* en */,
			);
			name = InfoPlist.strings;
			sourceTree = "<group>";
		};
		D0ADF90E19AAB8CD0068A73D /* Main_iPhone.storyboard */ = {
			isa = PBXVariantGroup;
			children = (
				D0ADF90F19AAB8CD0068A73D /* Base */,
			);
			name = Main_iPhone.storyboard;
			sourceTree = "<group>";
		};
		D0ADF91119AAB8CD0068A73D /* Main_iPad.storyboard */ = {
			isa = PBXVariantGroup;
			children = (
				D0ADF91219AAB8CD0068A73D /* Base */,
			);
			name = Main_iPad.storyboard;
			sourceTree = "<group>";
		};
		D0ADF92719AAB8CD0068A73D /* InfoPlist.strings */ = {
			isa = PBXVariantGroup;
			children = (
				D0ADF92819AAB8CD0068A73D /* en */,
			);
			name = InfoPlist.strings;
			sourceTree = "<group>";
		};
/* End PBXVariantGroup section */

/* Begin XCBuildConfiguration section */
		D0ADF92C19AAB8CD0068A73D /* Debug */ = {
			isa = XCBuildConfiguration;
			buildSettings = {
				ALWAYS_SEARCH_USER_PATHS = NO;
				CLANG_CXX_LANGUAGE_STANDARD = "gnu++0x";
				CLANG_CXX_LIBRARY = "libc++";
				CLANG_ENABLE_MODULES = YES;
				CLANG_ENABLE_OBJC_ARC = YES;
				CLANG_WARN_BOOL_CONVERSION = YES;
				CLANG_WARN_CONSTANT_CONVERSION = YES;
				CLANG_WARN_DIRECT_OBJC_ISA_USAGE = YES_ERROR;
				CLANG_WARN_EMPTY_BODY = YES;
				CLANG_WARN_ENUM_CONVERSION = YES;
				CLANG_WARN_INT_CONVERSION = YES;
				CLANG_WARN_OBJC_ROOT_CLASS = YES_ERROR;
				CLANG_WARN__DUPLICATE_METHOD_MATCH = YES;
				"CODE_SIGN_IDENTITY[sdk=iphoneos*]" = "iPhone Developer";
				COPY_PHASE_STRIP = NO;
				GCC_C_LANGUAGE_STANDARD = gnu99;
				GCC_DYNAMIC_NO_PIC = NO;
				GCC_OPTIMIZATION_LEVEL = 0;
				GCC_PREPROCESSOR_DEFINITIONS = (
					"DEBUG=1",
					"$(inherited)",
				);
				GCC_SYMBOLS_PRIVATE_EXTERN = NO;
				GCC_WARN_64_TO_32_BIT_CONVERSION = YES;
				GCC_WARN_ABOUT_RETURN_TYPE = YES_ERROR;
				GCC_WARN_UNDECLARED_SELECTOR = YES;
				GCC_WARN_UNINITIALIZED_AUTOS = YES_AGGRESSIVE;
				GCC_WARN_UNUSED_FUNCTION = YES;
				GCC_WARN_UNUSED_VARIABLE = YES;
				IPHONEOS_DEPLOYMENT_TARGET = 7.1;
				ONLY_ACTIVE_ARCH = YES;
				SDKROOT = iphoneos;
				TARGETED_DEVICE_FAMILY = "1,2";
			};
			name = Debug;
		};
		D0ADF92D19AAB8CD0068A73D /* Release */ = {
			isa = XCBuildConfiguration;
			buildSettings = {
				ALWAYS_SEARCH_USER_PATHS = NO;
				CLANG_CXX_LANGUAGE_STANDARD = "gnu++0x";
				CLANG_CXX_LIBRARY = "libc++";
				CLANG_ENABLE_MODULES = YES;
				CLANG_ENABLE_OBJC_ARC = YES;
				CLANG_WARN_BOOL_CONVERSION = YES;
				CLANG_WARN_CONSTANT_CONVERSION = YES;
				CLANG_WARN_DIRECT_OBJC_ISA_USAGE = YES_ERROR;
				CLANG_WARN_EMPTY_BODY = YES;
				CLANG_WARN_ENUM_CONVERSION = YES;
				CLANG_WARN_INT_CONVERSION = YES;
				CLANG_WARN_OBJC_ROOT_CLASS = YES_ERROR;
				CLANG_WARN__DUPLICATE_METHOD_MATCH = YES;
				"CODE_SIGN_IDENTITY[sdk=iphoneos*]" = "iPhone Developer";
				COPY_PHASE_STRIP = YES;
				ENABLE_NS_ASSERTIONS = NO;
				GCC_C_LANGUAGE_STANDARD = gnu99;
				GCC_WARN_64_TO_32_BIT_CONVERSION = YES;
				GCC_WARN_ABOUT_RETURN_TYPE = YES_ERROR;
				GCC_WARN_UNDECLARED_SELECTOR = YES;
				GCC_WARN_UNINITIALIZED_AUTOS = YES_AGGRESSIVE;
				GCC_WARN_UNUSED_FUNCTION = YES;
				GCC_WARN_UNUSED_VARIABLE = YES;
				IPHONEOS_DEPLOYMENT_TARGET = 7.1;
				SDKROOT = iphoneos;
				TARGETED_DEVICE_FAMILY = "1,2";
				VALIDATE_PRODUCT = YES;
			};
			name = Release;
		};
		D0ADF92F19AAB8CD0068A73D /* Debug */ = {
			isa = XCBuildConfiguration;
			buildSettings = {
				ASSETCATALOG_COMPILER_APPICON_NAME = AppIcon;
				ASSETCATALOG_COMPILER_LAUNCHIMAGE_NAME = LaunchImage;
				GCC_PRECOMPILE_PREFIX_HEADER = YES;
				GCC_PREFIX_HEADER = "Painter/Painter-Prefix.pch";
				INFOPLIST_FILE = "Painter/Painter-Info.plist";
				PRODUCT_NAME = "$(TARGET_NAME)";
				WRAPPER_EXTENSION = app;
			};
			name = Debug;
		};
		D0ADF93019AAB8CD0068A73D /* Release */ = {
			isa = XCBuildConfiguration;
			buildSettings = {
				ASSETCATALOG_COMPILER_APPICON_NAME = AppIcon;
				ASSETCATALOG_COMPILER_LAUNCHIMAGE_NAME = LaunchImage;
				GCC_PRECOMPILE_PREFIX_HEADER = YES;
				GCC_PREFIX_HEADER = "Painter/Painter-Prefix.pch";
				INFOPLIST_FILE = "Painter/Painter-Info.plist";
				PRODUCT_NAME = "$(TARGET_NAME)";
				WRAPPER_EXTENSION = app;
			};
			name = Release;
		};
		D0ADF93219AAB8CD0068A73D /* Debug */ = {
			isa = XCBuildConfiguration;
			buildSettings = {
				BUNDLE_LOADER = "$(BUILT_PRODUCTS_DIR)/Painter.app/Painter";
				FRAMEWORK_SEARCH_PATHS = (
					"$(SDKROOT)/Developer/Library/Frameworks",
					"$(inherited)",
					"$(DEVELOPER_FRAMEWORKS_DIR)",
				);
				GCC_PRECOMPILE_PREFIX_HEADER = YES;
				GCC_PREFIX_HEADER = "Painter/Painter-Prefix.pch";
				GCC_PREPROCESSOR_DEFINITIONS = (
					"DEBUG=1",
					"$(inherited)",
				);
				INFOPLIST_FILE = "PainterTests/PainterTests-Info.plist";
				PRODUCT_NAME = "$(TARGET_NAME)";
				TEST_HOST = "$(BUNDLE_LOADER)";
				WRAPPER_EXTENSION = xctest;
			};
			name = Debug;
		};
		D0ADF93319AAB8CD0068A73D /* Release */ = {
			isa = XCBuildConfiguration;
			buildSettings = {
				BUNDLE_LOADER = "$(BUILT_PRODUCTS_DIR)/Painter.app/Painter";
				FRAMEWORK_SEARCH_PATHS = (
					"$(SDKROOT)/Developer/Library/Frameworks",
					"$(inherited)",
					"$(DEVELOPER_FRAMEWORKS_DIR)",
				);
				GCC_PRECOMPILE_PREFIX_HEADER = YES;
				GCC_PREFIX_HEADER = "Painter/Painter-Prefix.pch";
				INFOPLIST_FILE = "PainterTests/PainterTests-Info.plist";
				PRODUCT_NAME = "$(TARGET_NAME)";
				TEST_HOST = "$(BUNDLE_LOADER)";
				WRAPPER_EXTENSION = xctest;
			};
			name = Release;
		};
/* End XCBuildConfiguration section */

/* Begin XCConfigurationList section */
		D0ADF8F419AAB8CD0068A73D /* Build configuration list for PBXProject "Painter" */ = {
			isa = XCConfigurationList;
			buildConfigurations = (
				D0ADF92C19AAB8CD0068A73D /* Debug */,
				D0ADF92D19AAB8CD0068A73D /* Release */,
			);
			defaultConfigurationIsVisible = 0;
			defaultConfigurationName = Release;
		};
		D0ADF92E19AAB8CD0068A73D /* Build configuration list for PBXNativeTarget "Painter" */ = {
			isa = XCConfigurationList;
			buildConfigurations = (
				D0ADF92F19AAB8CD0068A73D /* Debug */,
				D0ADF93019AAB8CD0068A73D /* Release */,
			);
			defaultConfigurationIsVisible = 0;
		};
		D0ADF93119AAB8CD0068A73D /* Build configuration list for PBXNativeTarget "PainterTests" */ = {
			isa = XCConfigurationList;
			buildConfigurations = (
				D0ADF93219AAB8CD0068A73D /* Debug */,
				D0ADF93319AAB8CD0068A73D /* Release */,
			);
			defaultConfigurationIsVisible = 0;
		};
/* End XCConfigurationList section */
	};
	rootObject = D0ADF8F119AAB8CD0068A73D /* Project object */;
}
